{
  "schema": "tonal.lock.v2",
  "tonal_version": "0.1.0-alpha.5",
  "resolved_at": "2026-08-30",
  "components": {
    "tlaloc": {
      "kind": "development_tool",
      "version": "6.0.0-alpha.15",
      "repository": "https://github.com/LuigiD5555/tlaloc.git",
      "commit": "349deaef6f6c94966c814f9f99a1ec1fb78b875f"
    },
    "origami": {
      "kind": "target",
      "version": "6.0.0-alpha.11",
      "repository": "https://github.com/LuigiD5555/origami.git",
      "commit": "89bdde22f80ec4df1e61b9039bd0a9250672d1ff"
    }
  }
}
