{
  "schema": "tonal.lock.v2",
  "tonal_version": "0.1.0-alpha.5",
  "resolved_at": "2026-09-03",
  "components": {
    "tlaloc": {
      "kind": "development_tool",
      "version": "6.0.0-alpha.21",
      "repository": "https://github.com/LuigiD5555/tlaloc.git",
      "commit": "31093999de450259f1825b5cbd438b887bde325c"
    },
    "origami": {
      "kind": "target",
      "version": "6.0.0-alpha.12",
      "repository": "https://github.com/LuigiD5555/origami.git",
      "commit": "12176e6829e8cd0aaaa1db03f0b2cc4f4d5ea838"
    }
  }
}
