{
  "schema": "tonal.lock.v2",
  "tonal_version": "0.1.0-alpha.6",
  "resolved_at": "2026-08-30",
  "components": {
    "tlaloc": {
      "kind": "development_tool",
      "version": "6.0.0-alpha.16",
      "repository": "https://github.com/LuigiD5555/tlaloc.git",
      "commit": "7f3393079d163131ad690f97de59ab2e2a249179"
    },
    "origami": {
      "kind": "target",
      "version": "6.0.0-alpha.13",
      "repository": "https://github.com/LuigiD5555/origami.git",
      "commit": "7dbd7ba073b227377c6cc3ae592f4c4f2573dabf"
    }
  }
}
